
Microsoft Visual Studio Solution File, Format Version 12.00
# Visual Studio Version 16
VisualStudioVersion = 16.0.31112.23
MinimumVisualStudioVersion = 10.0.40219.1
Project("{FAE04EC0-301F-11D3-BF4B-00C04F79EFBC}") = "BusTicketBookingApplication", "BusTicketBookingApplication\BusTicketBookingApplication.csproj", "{18D38DD8-871D-48C8-8CDA-0E9EE1538E67}"
EndProject
Global
	GlobalSection(SolutionConfigurationPlatforms) = preSolution
		Debug|Any CPU = Debug|Any CPU
		Release|Any CPU = Release|Any CPU
	EndGlobalSection
	GlobalSection(ProjectConfigurationPlatforms) = postSolution
		{18D38DD8-871D-48C8-8CDA-0E9EE1538E67}.Debug|Any CPU.ActiveCfg = Debug|Any CPU
		{18D38DD8-871D-48C8-8CDA-0E9EE1538E67}.Debug|Any CPU.Build.0 = Debug|Any CPU
		{18D38DD8-871D-48C8-8CDA-0E9EE1538E67}.Release|Any CPU.ActiveCfg = Release|Any CPU
		{18D38DD8-871D-48C8-8CDA-0E9EE1538E67}.Release|Any CPU.Build.0 = Release|Any CPU
	EndGlobalSection
	GlobalSection(SolutionProperties) = preSolution
		HideSolutionNode = FALSE
	EndGlobalSection
	GlobalSection(ExtensibilityGlobals) = postSolution
		SolutionGuid = {B22E055A-2AB5-40C6-A2B2-EAD455D04FDA}
	EndGlobalSection
EndGlobal
